
Microsoft Visual Studio Solution File, Format Version 12.00
Project("{F2A71F9B-5D33-465A-A702-920D77279786}") = "shopping-list", "shopping-list.fsproj", "{0D8C006F-366B-4606-89CB-B64CDE87478C}"
EndProject
Global
	GlobalSection(SolutionConfigurationPlatforms) = preSolution
		Debug|Any CPU = Debug|Any CPU
		Release|Any CPU = Release|Any CPU
	EndGlobalSection
	GlobalSection(ProjectConfigurationPlatforms) = postSolution
		{0D8C006F-366B-4606-89CB-B64CDE87478C}.Debug|Any CPU.ActiveCfg = Debug|Any CPU
		{0D8C006F-366B-4606-89CB-B64CDE87478C}.Debug|Any CPU.Build.0 = Debug|Any CPU
		{0D8C006F-366B-4606-89CB-B64CDE87478C}.Release|Any CPU.ActiveCfg = Release|Any CPU
		{0D8C006F-366B-4606-89CB-B64CDE87478C}.Release|Any CPU.Build.0 = Release|Any CPU
	EndGlobalSection
EndGlobal
